
Microsoft Visual Studio Solution File, Format Version 12.00
# Visual Studio Version 17
VisualStudioVersion = 17.10.34804.81
MinimumVisualStudioVersion = 10.0.40219.1
Project("{9A19103F-16F7-4668-BE54-9A1E7A4F7556}") = "MYTDotNetCore.ConsoleApp", "MYTDotNetCore.ConsoleApp\MYTDotNetCore.ConsoleApp.csproj", "{70500AA5-49FD-4020-980D-1041C7AB2782}"
EndProject
Project("{2150E333-8FDC-42A3-9474-1A3956D46DE8}") = "Documents", "Documents", "{F9ED9265-B811-42C8-94AB-B9BA59A40441}"
	ProjectSection(SolutionItems) = preProject
		DotNetCore.sql = DotNetCore.sql
		Readme.md = Readme.md
	EndProjectSection
EndProject
Project("{9A19103F-16F7-4668-BE54-9A1E7A4F7556}") = "MYTDotNetCore.ConsoleAppHttpClient", "MYTDotNetCore.ConsoleAppHttpClient\MYTDotNetCore.ConsoleAppHttpClient.csproj", "{61AC2388-5AA8-406B-A170-758E9468CAC0}"
EndProject
Project("{9A19103F-16F7-4668-BE54-9A1E7A4F7556}") = "MYTDotNetCore.ConsoleAppHttpClientExample", "MYTDotNetCore.HttpClientExample\MYTDotNetCore.ConsoleAppHttpClientExample.csproj", "{5470F0AB-0E0E-4428-B242-C43ADE9C8B09}"
EndProject
Project("{9A19103F-16F7-4668-BE54-9A1E7A4F7556}") = "MYTDotNetCore.RestApi", "MYTDotNetCore.RestApi\MYTDotNetCore.RestApi.csproj", "{72F01102-A44A-4D42-9135-68B301F0AE3B}"
EndProject
Project("{9A19103F-16F7-4668-BE54-9A1E7A4F7556}") = "MYTDotNetCore.RestApiWithNLayer", "..\..\C#\MYTDotNetCore\MYTDotNetCore.RestApiWithNLayer\MYTDotNetCore.RestApiWithNLayer.csproj", "{05990AB2-BEEF-44B1-ACA7-6028FD33C17C}"
EndProject
Project("{9A19103F-16F7-4668-BE54-9A1E7A4F7556}") = "MYTDotNetCore.Shared", "..\..\C#\MYTDotNetCore\MYTDotNetCore.Shared\MYTDotNetCore.Shared.csproj", "{B51A9720-4208-431B-89CE-2DFB5C3F500E}"
EndProject
Project("{FAE04EC0-301F-11D3-BF4B-00C04F79EFBC}") = "MYTDotNetCore.WindowFormsApp", "MYTDotNetCore.WindowFormsApp\MYTDotNetCore.WindowFormsApp.csproj", "{9B012523-CF70-494C-83AC-B8468BF7C79F}"
EndProject
Global
	GlobalSection(SolutionConfigurationPlatforms) = preSolution
		Debug|Any CPU = Debug|Any CPU
		Release|Any CPU = Release|Any CPU
	EndGlobalSection
	GlobalSection(ProjectConfigurationPlatforms) = postSolution
		{70500AA5-49FD-4020-980D-1041C7AB2782}.Debug|Any CPU.ActiveCfg = Debug|Any CPU
		{70500AA5-49FD-4020-980D-1041C7AB2782}.Debug|Any CPU.Build.0 = Debug|Any CPU
		{70500AA5-49FD-4020-980D-1041C7AB2782}.Release|Any CPU.ActiveCfg = Release|Any CPU
		{70500AA5-49FD-4020-980D-1041C7AB2782}.Release|Any CPU.Build.0 = Release|Any CPU
		{61AC2388-5AA8-406B-A170-758E9468CAC0}.Debug|Any CPU.ActiveCfg = Debug|Any CPU
		{61AC2388-5AA8-406B-A170-758E9468CAC0}.Debug|Any CPU.Build.0 = Debug|Any CPU
		{61AC2388-5AA8-406B-A170-758E9468CAC0}.Release|Any CPU.ActiveCfg = Release|Any CPU
		{61AC2388-5AA8-406B-A170-758E9468CAC0}.Release|Any CPU.Build.0 = Release|Any CPU
		{5470F0AB-0E0E-4428-B242-C43ADE9C8B09}.Debug|Any CPU.ActiveCfg = Debug|Any CPU
		{5470F0AB-0E0E-4428-B242-C43ADE9C8B09}.Debug|Any CPU.Build.0 = Debug|Any CPU
		{5470F0AB-0E0E-4428-B242-C43ADE9C8B09}.Release|Any CPU.ActiveCfg = Release|Any CPU
		{5470F0AB-0E0E-4428-B242-C43ADE9C8B09}.Release|Any CPU.Build.0 = Release|Any CPU
		{72F01102-A44A-4D42-9135-68B301F0AE3B}.Debug|Any CPU.ActiveCfg = Debug|Any CPU
		{72F01102-A44A-4D42-9135-68B301F0AE3B}.Debug|Any CPU.Build.0 = Debug|Any CPU
		{72F01102-A44A-4D42-9135-68B301F0AE3B}.Release|Any CPU.ActiveCfg = Release|Any CPU
		{72F01102-A44A-4D42-9135-68B301F0AE3B}.Release|Any CPU.Build.0 = Release|Any CPU
		{05990AB2-BEEF-44B1-ACA7-6028FD33C17C}.Debug|Any CPU.ActiveCfg = Debug|Any CPU
		{05990AB2-BEEF-44B1-ACA7-6028FD33C17C}.Debug|Any CPU.Build.0 = Debug|Any CPU
		{05990AB2-BEEF-44B1-ACA7-6028FD33C17C}.Release|Any CPU.ActiveCfg = Release|Any CPU
		{05990AB2-BEEF-44B1-ACA7-6028FD33C17C}.Release|Any CPU.Build.0 = Release|Any CPU
		{B51A9720-4208-431B-89CE-2DFB5C3F500E}.Debug|Any CPU.ActiveCfg = Debug|Any CPU
		{B51A9720-4208-431B-89CE-2DFB5C3F500E}.Debug|Any CPU.Build.0 = Debug|Any CPU
		{B51A9720-4208-431B-89CE-2DFB5C3F500E}.Release|Any CPU.ActiveCfg = Release|Any CPU
		{B51A9720-4208-431B-89CE-2DFB5C3F500E}.Release|Any CPU.Build.0 = Release|Any CPU
		{9B012523-CF70-494C-83AC-B8468BF7C79F}.Debug|Any CPU.ActiveCfg = Debug|Any CPU
		{9B012523-CF70-494C-83AC-B8468BF7C79F}.Debug|Any CPU.Build.0 = Debug|Any CPU
		{9B012523-CF70-494C-83AC-B8468BF7C79F}.Release|Any CPU.ActiveCfg = Release|Any CPU
		{9B012523-CF70-494C-83AC-B8468BF7C79F}.Release|Any CPU.Build.0 = Release|Any CPU
	EndGlobalSection
	GlobalSection(SolutionProperties) = preSolution
		HideSolutionNode = FALSE
	EndGlobalSection
	GlobalSection(ExtensibilityGlobals) = postSolution
		SolutionGuid = {943247CC-CFDD-4F58-9FE2-D34F72EA5774}
	EndGlobalSection
EndGlobal
