
Microsoft Visual Studio Solution File, Format Version 12.00
# Visual Studio Version 17
VisualStudioVersion = 17.10.34804.81
MinimumVisualStudioVersion = 10.0.40219.1
Project("{9A19103F-16F7-4668-BE54-9A1E7A4F7556}") = "MYTDotNetCore.ConsoleApp", "MYTDotNetCore.ConsoleApp\MYTDotNetCore.ConsoleApp.csproj", "{70500AA5-49FD-4020-980D-1041C7AB2782}"
EndProject
Project("{2150E333-8FDC-42A3-9474-1A3956D46DE8}") = "Documents", "Documents", "{F9ED9265-B811-42C8-94AB-B9BA59A40441}"
	ProjectSection(SolutionItems) = preProject
		DotNetCore.sql = DotNetCore.sql
		Readme.md = Readme.md
	EndProjectSection
EndProject
Project("{9A19103F-16F7-4668-BE54-9A1E7A4F7556}") = "MYTDotNetCore.ConsoleAppHttpClient", "MYTDotNetCore.ConsoleAppHttpClient\MYTDotNetCore.ConsoleAppHttpClient.csproj", "{61AC2388-5AA8-406B-A170-758E9468CAC0}"
EndProject
Project("{9A19103F-16F7-4668-BE54-9A1E7A4F7556}") = "MYTDotNetCore.ConsoleAppHttpClientExample", "MYTDotNetCore.HttpClientExample\MYTDotNetCore.ConsoleAppHttpClientExample.csproj", "{5470F0AB-0E0E-4428-B242-C43ADE9C8B09}"
EndProject
Project("{9A19103F-16F7-4668-BE54-9A1E7A4F7556}") = "MYTDotNetCore.RestApi", "MYTDotNetCore.RestApi\MYTDotNetCore.RestApi.csproj", "{72F01102-A44A-4D42-9135-68B301F0AE3B}"
EndProject
Project("{9A19103F-16F7-4668-BE54-9A1E7A4F7556}") = "MYTDotNetCore.WindowFormsApp", "MYTDotNetCore.WindowFormsApp\MYTDotNetCore.WindowFormsApp.csproj", "{9B012523-CF70-494C-83AC-B8468BF7C79F}"
EndProject
Project("{9A19103F-16F7-4668-BE54-9A1E7A4F7556}") = "MYTDotNetCore.ConsoleAppRestClientExamples", "MYTDotNetCore.ConsoleAppRestClient\MYTDotNetCore.ConsoleAppRestClientExamples.csproj", "{3D5D2AFF-C7CF-46C9-ADFC-2A005727AA10}"
EndProject
Project("{9A19103F-16F7-4668-BE54-9A1E7A4F7556}") = "MYTDotNetCore.RestApiWithNLayer", "MYTDotNetCore.RestApiWithNLayer\MYTDotNetCore.RestApiWithNLayer.csproj", "{1B6AF83A-CAA2-484E-9D05-A7DD998BE334}"
EndProject
Project("{9A19103F-16F7-4668-BE54-9A1E7A4F7556}") = "MYTDotNetCore.PizzaApi", "MYTDotNetCore.PizzaApi\MYTDotNetCore.PizzaApi.csproj", "{EEC05556-1CE8-4E8C-9D32-CD8448AE8079}"
EndProject
Project("{9A19103F-16F7-4668-BE54-9A1E7A4F7556}") = "MYTDotNetCore.Shared2", "MYTDotNetCore.Shared2\MYTDotNetCore.Shared2.csproj", "{451A72D0-A1AB-472A-A85A-9BCE65B295FA}"
EndProject
Project("{9A19103F-16F7-4668-BE54-9A1E7A4F7556}") = "MYTDotNetCore.ConsoleAppRefitExamples", "MYTDotNetCore.ConsoleAppRefitExamples\MYTDotNetCore.ConsoleAppRefitExamples.csproj", "{40B98B34-DC22-40EF-8079-BCA4AD588E62}"
EndProject
Project("{9A19103F-16F7-4668-BE54-9A1E7A4F7556}") = "MYTDotNetCore.NLayer.UI", "MYTDotNetCore.NLayer.UI\MYTDotNetCore.NLayer.UI.csproj", "{72FE44F8-9154-447E-A282-63AE7D30C9CC}"
EndProject
Project("{9A19103F-16F7-4668-BE54-9A1E7A4F7556}") = "MYTDotNetCore.NLayer.BusinessLogic", "MYTDotNetCore.NLayer.BusinessLogic\MYTDotNetCore.NLayer.BusinessLogic.csproj", "{C427DDE8-59EE-4372-8B3A-C18114997AF8}"
EndProject
Project("{9A19103F-16F7-4668-BE54-9A1E7A4F7556}") = "MYTDotNetCore.NLayer.DataAccess", "MYTDotNetCore.NLayer.DataAccess\MYTDotNetCore.NLayer.DataAccess.csproj", "{AE6425D6-E616-47F2-8A52-D52414FE910C}"
EndProject
Project("{9A19103F-16F7-4668-BE54-9A1E7A4F7556}") = "MYTDotNetCore.WindowFormAppSqlInjection", "MYTDotNetCore.WindowFormAppSqlInjection\MYTDotNetCore.WindowFormAppSqlInjection.csproj", "{5BF8F5B5-7BBF-4763-8973-F93E11147509}"
EndProject
Project("{FAE04EC0-301F-11D3-BF4B-00C04F79EFBC}") = "MYTDotNetCore.MvcApp", "MYTDotNetCore.MvcApp\MYTDotNetCore.MvcApp.csproj", "{7F2C38CC-736A-4C98-A850-7F3864D1FBDA}"
EndProject
Global
	GlobalSection(SolutionConfigurationPlatforms) = preSolution
		Debug|Any CPU = Debug|Any CPU
		Release|Any CPU = Release|Any CPU
	EndGlobalSection
	GlobalSection(ProjectConfigurationPlatforms) = postSolution
		{70500AA5-49FD-4020-980D-1041C7AB2782}.Debug|Any CPU.ActiveCfg = Debug|Any CPU
		{70500AA5-49FD-4020-980D-1041C7AB2782}.Debug|Any CPU.Build.0 = Debug|Any CPU
		{70500AA5-49FD-4020-980D-1041C7AB2782}.Release|Any CPU.ActiveCfg = Release|Any CPU
		{70500AA5-49FD-4020-980D-1041C7AB2782}.Release|Any CPU.Build.0 = Release|Any CPU
		{61AC2388-5AA8-406B-A170-758E9468CAC0}.Debug|Any CPU.ActiveCfg = Debug|Any CPU
		{61AC2388-5AA8-406B-A170-758E9468CAC0}.Debug|Any CPU.Build.0 = Debug|Any CPU
		{61AC2388-5AA8-406B-A170-758E9468CAC0}.Release|Any CPU.ActiveCfg = Release|Any CPU
		{61AC2388-5AA8-406B-A170-758E9468CAC0}.Release|Any CPU.Build.0 = Release|Any CPU
		{5470F0AB-0E0E-4428-B242-C43ADE9C8B09}.Debug|Any CPU.ActiveCfg = Debug|Any CPU
		{5470F0AB-0E0E-4428-B242-C43ADE9C8B09}.Debug|Any CPU.Build.0 = Debug|Any CPU
		{5470F0AB-0E0E-4428-B242-C43ADE9C8B09}.Release|Any CPU.ActiveCfg = Release|Any CPU
		{5470F0AB-0E0E-4428-B242-C43ADE9C8B09}.Release|Any CPU.Build.0 = Release|Any CPU
		{72F01102-A44A-4D42-9135-68B301F0AE3B}.Debug|Any CPU.ActiveCfg = Debug|Any CPU
		{72F01102-A44A-4D42-9135-68B301F0AE3B}.Debug|Any CPU.Build.0 = Debug|Any CPU
		{72F01102-A44A-4D42-9135-68B301F0AE3B}.Release|Any CPU.ActiveCfg = Release|Any CPU
		{72F01102-A44A-4D42-9135-68B301F0AE3B}.Release|Any CPU.Build.0 = Release|Any CPU
		{9B012523-CF70-494C-83AC-B8468BF7C79F}.Debug|Any CPU.ActiveCfg = Debug|Any CPU
		{9B012523-CF70-494C-83AC-B8468BF7C79F}.Debug|Any CPU.Build.0 = Debug|Any CPU
		{9B012523-CF70-494C-83AC-B8468BF7C79F}.Release|Any CPU.ActiveCfg = Release|Any CPU
		{9B012523-CF70-494C-83AC-B8468BF7C79F}.Release|Any CPU.Build.0 = Release|Any CPU
		{3D5D2AFF-C7CF-46C9-ADFC-2A005727AA10}.Debug|Any CPU.ActiveCfg = Debug|Any CPU
		{3D5D2AFF-C7CF-46C9-ADFC-2A005727AA10}.Debug|Any CPU.Build.0 = Debug|Any CPU
		{3D5D2AFF-C7CF-46C9-ADFC-2A005727AA10}.Release|Any CPU.ActiveCfg = Release|Any CPU
		{3D5D2AFF-C7CF-46C9-ADFC-2A005727AA10}.Release|Any CPU.Build.0 = Release|Any CPU
		{1B6AF83A-CAA2-484E-9D05-A7DD998BE334}.Debug|Any CPU.ActiveCfg = Debug|Any CPU
		{1B6AF83A-CAA2-484E-9D05-A7DD998BE334}.Debug|Any CPU.Build.0 = Debug|Any CPU
		{1B6AF83A-CAA2-484E-9D05-A7DD998BE334}.Release|Any CPU.ActiveCfg = Release|Any CPU
		{1B6AF83A-CAA2-484E-9D05-A7DD998BE334}.Release|Any CPU.Build.0 = Release|Any CPU
		{EEC05556-1CE8-4E8C-9D32-CD8448AE8079}.Debug|Any CPU.ActiveCfg = Debug|Any CPU
		{EEC05556-1CE8-4E8C-9D32-CD8448AE8079}.Debug|Any CPU.Build.0 = Debug|Any CPU
		{EEC05556-1CE8-4E8C-9D32-CD8448AE8079}.Release|Any CPU.ActiveCfg = Release|Any CPU
		{EEC05556-1CE8-4E8C-9D32-CD8448AE8079}.Release|Any CPU.Build.0 = Release|Any CPU
		{451A72D0-A1AB-472A-A85A-9BCE65B295FA}.Debug|Any CPU.ActiveCfg = Debug|Any CPU
		{451A72D0-A1AB-472A-A85A-9BCE65B295FA}.Debug|Any CPU.Build.0 = Debug|Any CPU
		{451A72D0-A1AB-472A-A85A-9BCE65B295FA}.Release|Any CPU.ActiveCfg = Release|Any CPU
		{451A72D0-A1AB-472A-A85A-9BCE65B295FA}.Release|Any CPU.Build.0 = Release|Any CPU
		{40B98B34-DC22-40EF-8079-BCA4AD588E62}.Debug|Any CPU.ActiveCfg = Debug|Any CPU
		{40B98B34-DC22-40EF-8079-BCA4AD588E62}.Debug|Any CPU.Build.0 = Debug|Any CPU
		{40B98B34-DC22-40EF-8079-BCA4AD588E62}.Release|Any CPU.ActiveCfg = Release|Any CPU
		{40B98B34-DC22-40EF-8079-BCA4AD588E62}.Release|Any CPU.Build.0 = Release|Any CPU
		{72FE44F8-9154-447E-A282-63AE7D30C9CC}.Debug|Any CPU.ActiveCfg = Debug|Any CPU
		{72FE44F8-9154-447E-A282-63AE7D30C9CC}.Debug|Any CPU.Build.0 = Debug|Any CPU
		{72FE44F8-9154-447E-A282-63AE7D30C9CC}.Release|Any CPU.ActiveCfg = Release|Any CPU
		{72FE44F8-9154-447E-A282-63AE7D30C9CC}.Release|Any CPU.Build.0 = Release|Any CPU
		{C427DDE8-59EE-4372-8B3A-C18114997AF8}.Debug|Any CPU.ActiveCfg = Debug|Any CPU
		{C427DDE8-59EE-4372-8B3A-C18114997AF8}.Debug|Any CPU.Build.0 = Debug|Any CPU
		{C427DDE8-59EE-4372-8B3A-C18114997AF8}.Release|Any CPU.ActiveCfg = Release|Any CPU
		{C427DDE8-59EE-4372-8B3A-C18114997AF8}.Release|Any CPU.Build.0 = Release|Any CPU
		{AE6425D6-E616-47F2-8A52-D52414FE910C}.Debug|Any CPU.ActiveCfg = Debug|Any CPU
		{AE6425D6-E616-47F2-8A52-D52414FE910C}.Debug|Any CPU.Build.0 = Debug|Any CPU
		{AE6425D6-E616-47F2-8A52-D52414FE910C}.Release|Any CPU.ActiveCfg = Release|Any CPU
		{AE6425D6-E616-47F2-8A52-D52414FE910C}.Release|Any CPU.Build.0 = Release|Any CPU
		{5BF8F5B5-7BBF-4763-8973-F93E11147509}.Debug|Any CPU.ActiveCfg = Debug|Any CPU
		{5BF8F5B5-7BBF-4763-8973-F93E11147509}.Debug|Any CPU.Build.0 = Debug|Any CPU
		{5BF8F5B5-7BBF-4763-8973-F93E11147509}.Release|Any CPU.ActiveCfg = Release|Any CPU
		{5BF8F5B5-7BBF-4763-8973-F93E11147509}.Release|Any CPU.Build.0 = Release|Any CPU
		{7F2C38CC-736A-4C98-A850-7F3864D1FBDA}.Debug|Any CPU.ActiveCfg = Debug|Any CPU
		{7F2C38CC-736A-4C98-A850-7F3864D1FBDA}.Debug|Any CPU.Build.0 = Debug|Any CPU
		{7F2C38CC-736A-4C98-A850-7F3864D1FBDA}.Release|Any CPU.ActiveCfg = Release|Any CPU
		{7F2C38CC-736A-4C98-A850-7F3864D1FBDA}.Release|Any CPU.Build.0 = Release|Any CPU
	EndGlobalSection
	GlobalSection(SolutionProperties) = preSolution
		HideSolutionNode = FALSE
	EndGlobalSection
	GlobalSection(ExtensibilityGlobals) = postSolution
		SolutionGuid = {943247CC-CFDD-4F58-9FE2-D34F72EA5774}
	EndGlobalSection
EndGlobal
